// !$*UTF8*$!
{
	archiveVersion = 1;
	classes = {
	};
	objectVersion = 48;
	objects = {

/* Begin PBXBuildFile section */
		C532AFFF1FF814FF00129940 /* Diary.swift in Sources */ = {isa = PBXBuildFile; fileRef = C532AFF91FF814FF00129940 /* Diary.swift */; };
		C532B0001FF814FF00129940 /* Letter.swift in Sources */ = {isa = PBXBuildFile; fileRef = C532AFFA1FF814FF00129940 /* Letter.swift */; };
		C532B0011FF814FF00129940 /* Global.swift in Sources */ = {isa = PBXBuildFile; fileRef = C532AFFB1FF814FF00129940 /* Global.swift */; };
		C532B0021FF814FF00129940 /* Config.swift in Sources */ = {isa = PBXBuildFile; fileRef = C532AFFC1FF814FF00129940 /* Config.swift */; };
		C532B0031FF814FF00129940 /* CalendarManager.swift in Sources */ = {isa = PBXBuildFile; fileRef = C532AFFD1FF814FF00129940 /* CalendarManager.swift */; };
		C532B0041FF814FF00129940 /* MyLineChart.swift in Sources */ = {isa = PBXBuildFile; fileRef = C532AFFE1FF814FF00129940 /* MyLineChart.swift */; };
		C532B00C1FF8150500129940 /* RecentCollectionViewCell.swift in Sources */ = {isa = PBXBuildFile; fileRef = C532B0051FF8150400129940 /* RecentCollectionViewCell.swift */; };
		C532B00D1FF8150500129940 /* RecentTableViewCell.swift in Sources */ = {isa = PBXBuildFile; fileRef = C532B0061FF8150500129940 /* RecentTableViewCell.swift */; };
		C532B00E1FF8150500129940 /* TagTableViewCell.swift in Sources */ = {isa = PBXBuildFile; fileRef = C532B0071FF8150500129940 /* TagTableViewCell.swift */; };
		C532B00F1FF8150500129940 /* LetterTableViewCell.swift in Sources */ = {isa = PBXBuildFile; fileRef = C532B0081FF8150500129940 /* LetterTableViewCell.swift */; };
		C532B0101FF8150500129940 /* WeekdayNameCollectionViewCell.swift in Sources */ = {isa = PBXBuildFile; fileRef = C532B0091FF8150500129940 /* WeekdayNameCollectionViewCell.swift */; };
		C532B0111FF8150500129940 /* RecentSummaryCollectionViewCell.swift in Sources */ = {isa = PBXBuildFile; fileRef = C532B00A1FF8150500129940 /* RecentSummaryCollectionViewCell.swift */; };
		C532B0121FF8150500129940 /* DateCollectionViewCell.swift in Sources */ = {isa = PBXBuildFile; fileRef = C532B00B1FF8150500129940 /* DateCollectionViewCell.swift */; };
		C532B0151FF8150C00129940 /* MyLineChartView.swift in Sources */ = {isa = PBXBuildFile; fileRef = C532B0131FF8150C00129940 /* MyLineChartView.swift */; };
		C532B0161FF8150C00129940 /* ChooseTagView.swift in Sources */ = {isa = PBXBuildFile; fileRef = C532B0141FF8150C00129940 /* ChooseTagView.swift */; };
		C532B0231FF8151200129940 /* CheckDiaryViewController.swift in Sources */ = {isa = PBXBuildFile; fileRef = C532B0171FF8151100129940 /* CheckDiaryViewController.swift */; };
		C532B0241FF8151200129940 /* EnterPasswordUIViewController.swift in Sources */ = {isa = PBXBuildFile; fileRef = C532B0181FF8151100129940 /* EnterPasswordUIViewController.swift */; };
		C532B0251FF8151200129940 /* CalendarViewController.swift in Sources */ = {isa = PBXBuildFile; fileRef = C532B0191FF8151200129940 /* CalendarViewController.swift */; };
		C532B0261FF8151200129940 /* CheckLetterViewController.swift in Sources */ = {isa = PBXBuildFile; fileRef = C532B01A1FF8151200129940 /* CheckLetterViewController.swift */; };
		C532B0271FF8151200129940 /* CheckPhotoViewController.swift in Sources */ = {isa = PBXBuildFile; fileRef = C532B01B1FF8151200129940 /* CheckPhotoViewController.swift */; };
		C532B0281FF8151200129940 /* LetterViewController.swift in Sources */ = {isa = PBXBuildFile; fileRef = C532B01C1FF8151200129940 /* LetterViewController.swift */; };
		C532B0291FF8151200129940 /* NewMoodViewController.swift in Sources */ = {isa = PBXBuildFile; fileRef = C532B01D1FF8151200129940 /* NewMoodViewController.swift */; };
		C532B02A1FF8151200129940 /* SecurityTableViewController.swift in Sources */ = {isa = PBXBuildFile; fileRef = C532B01E1FF8151200129940 /* SecurityTableViewController.swift */; };
		C532B02B1FF8151200129940 /* ViewController.swift in Sources */ = {isa = PBXBuildFile; fileRef = C532B01F1FF8151200129940 /* ViewController.swift */; };
		C532B02C1FF8151200129940 /* RecentViewController.swift in Sources */ = {isa = PBXBuildFile; fileRef = C532B0201FF8151200129940 /* RecentViewController.swift */; };
		C532B02D1FF8151200129940 /* TrackingViewController.swift in Sources */ = {isa = PBXBuildFile; fileRef = C532B0211FF8151200129940 /* TrackingViewController.swift */; };
		C532B02E1FF8151200129940 /* MailBoxViewController.swift in Sources */ = {isa = PBXBuildFile; fileRef = C532B0221FF8151200129940 /* MailBoxViewController.swift */; };
		C57067201FD790CB002AAC79 /* LaunchScreen.storyboard in Resources */ = {isa = PBXBuildFile; fileRef = C570671F1FD790CB002AAC79 /* LaunchScreen.storyboard */; };
		C5F392141FD65E460038CF13 /* AppDelegate.swift in Sources */ = {isa = PBXBuildFile; fileRef = C5F392131FD65E460038CF13 /* AppDelegate.swift */; };
		C5F392191FD65E460038CF13 /* Main.storyboard in Resources */ = {isa = PBXBuildFile; fileRef = C5F392171FD65E460038CF13 /* Main.storyboard */; };
		C5F3921C1FD65E460038CF13 /* MoodPocket.xcdatamodeld in Sources */ = {isa = PBXBuildFile; fileRef = C5F3921A1FD65E460038CF13 /* MoodPocket.xcdatamodeld */; };
		C5F3921E1FD65E460038CF13 /* Assets.xcassets in Resources */ = {isa = PBXBuildFile; fileRef = C5F3921D1FD65E460038CF13 /* Assets.xcassets */; };
		C5F3922C1FD65E460038CF13 /* MoodPocketTests.swift in Sources */ = {isa = PBXBuildFile; fileRef = C5F3922B1FD65E460038CF13 /* MoodPocketTests.swift */; };
/* End PBXBuildFile section */

/* Begin PBXContainerItemProxy section */
		C5F392281FD65E460038CF13 /* PBXContainerItemProxy */ = {
			isa = PBXContainerItemProxy;
			containerPortal = C5F392081FD65E460038CF13 /* Project object */;
			proxyType = 1;
			remoteGlobalIDString = C5F3920F1FD65E460038CF13;
			remoteInfo = MoodPocket;
		};
/* End PBXContainerItemProxy section */

/* Begin PBXCopyFilesBuildPhase section */
		C570678E1FD7EE14002AAC79 /* Embed Frameworks */ = {
			isa = PBXCopyFilesBuildPhase;
			buildActionMask = 2147483647;
			dstPath = "";
			dstSubfolderSpec = 10;
			files = (
			);
			name = "Embed Frameworks";
			runOnlyForDeploymentPostprocessing = 0;
		};
/* End PBXCopyFilesBuildPhase section */

/* Begin PBXFileReference section */
		C52FD2DA1FD80DF200B52E4A /* JTAppleCalendarView.swift */ = {isa = PBXFileReference; lastKnownFileType = sourcecode.swift; path = JTAppleCalendarView.swift; sourceTree = "<group>"; };
		C52FD2DB1FD80DF200B52E4A /* UserInteractionFunctions.swift */ = {isa = PBXFileReference; lastKnownFileType = sourcecode.swift; path = UserInteractionFunctions.swift; sourceTree = "<group>"; };
		C52FD2DC1FD80DF200B52E4A /* Info-iOS.plist */ = {isa = PBXFileReference; lastKnownFileType = text.plist.xml; path = "Info-iOS.plist"; sourceTree = "<group>"; };
		C52FD2DD1FD80DF200B52E4A /* JTAppleCalendarLayoutProtocol.swift */ = {isa = PBXFileReference; lastKnownFileType = sourcecode.swift; path = JTAppleCalendarLayoutProtocol.swift; sourceTree = "<group>"; };
		C52FD2DE1FD80DF200B52E4A /* InternalActionFunctions.swift */ = {isa = PBXFileReference; lastKnownFileType = sourcecode.swift; path = InternalActionFunctions.swift; sourceTree = "<group>"; };
		C52FD2DF1FD80DF200B52E4A /* JTAppleCollectionReusableView.swift */ = {isa = PBXFileReference; lastKnownFileType = sourcecode.swift; path = JTAppleCollectionReusableView.swift; sourceTree = "<group>"; };
		C52FD2E01FD80DF200B52E4A /* JTAppleCalendarDelegateProtocol.swift */ = {isa = PBXFileReference; lastKnownFileType = sourcecode.swift; path = JTAppleCalendarDelegateProtocol.swift; sourceTree = "<group>"; };
		C52FD2E11FD80DF200B52E4A /* JTCalendarProtocols.swift */ = {isa = PBXFileReference; lastKnownFileType = sourcecode.swift; path = JTCalendarProtocols.swift; sourceTree = "<group>"; };
		C52FD2E21FD80DF200B52E4A /* CalendarStructs.swift */ = {isa = PBXFileReference; lastKnownFileType = sourcecode.swift; path = CalendarStructs.swift; sourceTree = "<group>"; };
		C52FD2E31FD80DF200B52E4A /* CalendarEnums.swift */ = {isa = PBXFileReference; lastKnownFileType = sourcecode.swift; path = CalendarEnums.swift; sourceTree = "<group>"; };
		C52FD2E41FD80DF200B52E4A /* UIScrollViewDelegates.swift */ = {isa = PBXFileReference; lastKnownFileType = sourcecode.swift; path = UIScrollViewDelegates.swift; sourceTree = "<group>"; };
		C52FD2E51FD80DF200B52E4A /* InternalQueryFunctions.swift */ = {isa = PBXFileReference; lastKnownFileType = sourcecode.swift; path = InternalQueryFunctions.swift; sourceTree = "<group>"; };
		C52FD2E61FD80DF200B52E4A /* Info-tvOS.plist */ = {isa = PBXFileReference; lastKnownFileType = text.plist.xml; path = "Info-tvOS.plist"; sourceTree = "<group>"; };
		C52FD2E71FD80DF200B52E4A /* JTAppleCell.swift */ = {isa = PBXFileReference; lastKnownFileType = sourcecode.swift; path = JTAppleCell.swift; sourceTree = "<group>"; };
		C52FD2E81FD80DF200B52E4A /* JTAppleCalendarVariables.swift */ = {isa = PBXFileReference; lastKnownFileType = sourcecode.swift; path = JTAppleCalendarVariables.swift; sourceTree = "<group>"; };
		C52FD2E91FD80DF200B52E4A /* JTAppleCalendarLayout.swift */ = {isa = PBXFileReference; lastKnownFileType = sourcecode.swift; path = JTAppleCalendarLayout.swift; sourceTree = "<group>"; };
		C52FD2EA1FD80DF200B52E4A /* UICollectionViewDelegates.swift */ = {isa = PBXFileReference; lastKnownFileType = sourcecode.swift; path = UICollectionViewDelegates.swift; sourceTree = "<group>"; };
		C52FD2EB1FD80DF200B52E4A /* GlobalFunctionsAndExtensions.swift */ = {isa = PBXFileReference; lastKnownFileType = sourcecode.swift; path = GlobalFunctionsAndExtensions.swift; sourceTree = "<group>"; };
		C52FD2EC1FD80DF200B52E4A /* JTAppleCalendar.h */ = {isa = PBXFileReference; lastKnownFileType = sourcecode.c.h; path = JTAppleCalendar.h; sourceTree = "<group>"; };
		C532AFF91FF814FF00129940 /* Diary.swift */ = {isa = PBXFileReference; fileEncoding = 4; lastKnownFileType = sourcecode.swift; path = Diary.swift; sourceTree = "<group>"; };
		C532AFFA1FF814FF00129940 /* Letter.swift */ = {isa = PBXFileReference; fileEncoding = 4; lastKnownFileType = sourcecode.swift; path = Letter.swift; sourceTree = "<group>"; };
		C532AFFB1FF814FF00129940 /* Global.swift */ = {isa = PBXFileReference; fileEncoding = 4; lastKnownFileType = sourcecode.swift; path = Global.swift; sourceTree = "<group>"; };
		C532AFFC1FF814FF00129940 /* Config.swift */ = {isa = PBXFileReference; fileEncoding = 4; lastKnownFileType = sourcecode.swift; path = Config.swift; sourceTree = "<group>"; };
		C532AFFD1FF814FF00129940 /* CalendarManager.swift */ = {isa = PBXFileReference; fileEncoding = 4; lastKnownFileType = sourcecode.swift; path = CalendarManager.swift; sourceTree = "<group>"; };
		C532AFFE1FF814FF00129940 /* MyLineChart.swift */ = {isa = PBXFileReference; fileEncoding = 4; lastKnownFileType = sourcecode.swift; path = MyLineChart.swift; sourceTree = "<group>"; };
		C532B0051FF8150400129940 /* RecentCollectionViewCell.swift */ = {isa = PBXFileReference; fileEncoding = 4; lastKnownFileType = sourcecode.swift; path = RecentCollectionViewCell.swift; sourceTree = "<group>"; };
		C532B0061FF8150500129940 /* RecentTableViewCell.swift */ = {isa = PBXFileReference; fileEncoding = 4; lastKnownFileType = sourcecode.swift; path = RecentTableViewCell.swift; sourceTree = "<group>"; };
		C532B0071FF8150500129940 /* TagTableViewCell.swift */ = {isa = PBXFileReference; fileEncoding = 4; lastKnownFileType = sourcecode.swift; path = TagTableViewCell.swift; sourceTree = "<group>"; };
		C532B0081FF8150500129940 /* LetterTableViewCell.swift */ = {isa = PBXFileReference; fileEncoding = 4; lastKnownFileType = sourcecode.swift; path = LetterTableViewCell.swift; sourceTree = "<group>"; };
		C532B0091FF8150500129940 /* WeekdayNameCollectionViewCell.swift */ = {isa = PBXFileReference; fileEncoding = 4; lastKnownFileType = sourcecode.swift; path = WeekdayNameCollectionViewCell.swift; sourceTree = "<group>"; };
		C532B00A1FF8150500129940 /* RecentSummaryCollectionViewCell.swift */ = {isa = PBXFileReference; fileEncoding = 4; lastKnownFileType = sourcecode.swift; path = RecentSummaryCollectionViewCell.swift; sourceTree = "<group>"; };
		C532B00B1FF8150500129940 /* DateCollectionViewCell.swift */ = {isa = PBXFileReference; fileEncoding = 4; lastKnownFileType = sourcecode.swift; path = DateCollectionViewCell.swift; sourceTree = "<group>"; };
		C532B0131FF8150C00129940 /* MyLineChartView.swift */ = {isa = PBXFileReference; fileEncoding = 4; lastKnownFileType = sourcecode.swift; path = MyLineChartView.swift; sourceTree = "<group>"; };
		C532B0141FF8150C00129940 /* ChooseTagView.swift */ = {isa = PBXFileReference; fileEncoding = 4; lastKnownFileType = sourcecode.swift; path = ChooseTagView.swift; sourceTree = "<group>"; };
		C532B0171FF8151100129940 /* CheckDiaryViewController.swift */ = {isa = PBXFileReference; fileEncoding = 4; lastKnownFileType = sourcecode.swift; path = CheckDiaryViewController.swift; sourceTree = "<group>"; };
		C532B0181FF8151100129940 /* EnterPasswordUIViewController.swift */ = {isa = PBXFileReference; fileEncoding = 4; lastKnownFileType = sourcecode.swift; path = EnterPasswordUIViewController.swift; sourceTree = "<group>"; };
		C532B0191FF8151200129940 /* CalendarViewController.swift */ = {isa = PBXFileReference; fileEncoding = 4; lastKnownFileType = sourcecode.swift; path = CalendarViewController.swift; sourceTree = "<group>"; };
		C532B01A1FF8151200129940 /* CheckLetterViewController.swift */ = {isa = PBXFileReference; fileEncoding = 4; lastKnownFileType = sourcecode.swift; path = CheckLetterViewController.swift; sourceTree = "<group>"; };
		C532B01B1FF8151200129940 /* CheckPhotoViewController.swift */ = {isa = PBXFileReference; fileEncoding = 4; lastKnownFileType = sourcecode.swift; path = CheckPhotoViewController.swift; sourceTree = "<group>"; };
		C532B01C1FF8151200129940 /* LetterViewController.swift */ = {isa = PBXFileReference; fileEncoding = 4; lastKnownFileType = sourcecode.swift; path = LetterViewController.swift; sourceTree = "<group>"; };
		C532B01D1FF8151200129940 /* NewMoodViewController.swift */ = {isa = PBXFileReference; fileEncoding = 4; lastKnownFileType = sourcecode.swift; path = NewMoodViewController.swift; sourceTree = "<group>"; };
		C532B01E1FF8151200129940 /* SecurityTableViewController.swift */ = {isa = PBXFileReference; fileEncoding = 4; lastKnownFileType = sourcecode.swift; path = SecurityTableViewController.swift; sourceTree = "<group>"; };
		C532B01F1FF8151200129940 /* ViewController.swift */ = {isa = PBXFileReference; fileEncoding = 4; lastKnownFileType = sourcecode.swift; path = ViewController.swift; sourceTree = "<group>"; };
		C532B0201FF8151200129940 /* RecentViewController.swift */ = {isa = PBXFileReference; fileEncoding = 4; lastKnownFileType = sourcecode.swift; path = RecentViewController.swift; sourceTree = "<group>"; };
		C532B0211FF8151200129940 /* TrackingViewController.swift */ = {isa = PBXFileReference; fileEncoding = 4; lastKnownFileType = sourcecode.swift; path = TrackingViewController.swift; sourceTree = "<group>"; };
		C532B0221FF8151200129940 /* MailBoxViewController.swift */ = {isa = PBXFileReference; fileEncoding = 4; lastKnownFileType = sourcecode.swift; path = MailBoxViewController.swift; sourceTree = "<group>"; };
		C570671F1FD790CB002AAC79 /* LaunchScreen.storyboard */ = {isa = PBXFileReference; fileEncoding = 4; lastKnownFileType = file.storyboard; path = LaunchScreen.storyboard; sourceTree = "<group>"; };
		C5F392101FD65E460038CF13 /* MoodPocket.app */ = {isa = PBXFileReference; explicitFileType = wrapper.application; includeInIndex = 0; path = MoodPocket.app; sourceTree = BUILT_PRODUCTS_DIR; };
		C5F392131FD65E460038CF13 /* AppDelegate.swift */ = {isa = PBXFileReference; lastKnownFileType = sourcecode.swift; path = AppDelegate.swift; sourceTree = "<group>"; };
		C5F392181FD65E460038CF13 /* Base */ = {isa = PBXFileReference; lastKnownFileType = file.storyboard; name = Base; path = Base.lproj/Main.storyboard; sourceTree = "<group>"; };
		C5F3921B1FD65E460038CF13 /* MoodPocket.xcdatamodel */ = {isa = PBXFileReference; lastKnownFileType = wrapper.xcdatamodel; path = MoodPocket.xcdatamodel; sourceTree = "<group>"; };
		C5F3921D1FD65E460038CF13 /* Assets.xcassets */ = {isa = PBXFileReference; lastKnownFileType = folder.assetcatalog; path = Assets.xcassets; sourceTree = "<group>"; };
		C5F392221FD65E460038CF13 /* Info.plist */ = {isa = PBXFileReference; lastKnownFileType = text.plist.xml; path = Info.plist; sourceTree = "<group>"; };
		C5F392271FD65E460038CF13 /* MoodPocketTests.xctest */ = {isa = PBXFileReference; explicitFileType = wrapper.cfbundle; includeInIndex = 0; path = MoodPocketTests.xctest; sourceTree = BUILT_PRODUCTS_DIR; };
		C5F3922B1FD65E460038CF13 /* MoodPocketTests.swift */ = {isa = PBXFileReference; lastKnownFileType = sourcecode.swift; path = MoodPocketTests.swift; sourceTree = "<group>"; };
		C5F3922D1FD65E460038CF13 /* Info.plist */ = {isa = PBXFileReference; lastKnownFileType = text.plist.xml; path = Info.plist; sourceTree = "<group>"; };
/* End PBXFileReference section */

/* Begin PBXFrameworksBuildPhase section */
		C5F3920D1FD65E460038CF13 /* Frameworks */ = {
			isa = PBXFrameworksBuildPhase;
			buildActionMask = 2147483647;
			files = (
			);
			runOnlyForDeploymentPostprocessing = 0;
		};
		C5F392241FD65E460038CF13 /* Frameworks */ = {
			isa = PBXFrameworksBuildPhase;
			buildActionMask = 2147483647;
			files = (
			);
			runOnlyForDeploymentPostprocessing = 0;
		};
/* End PBXFrameworksBuildPhase section */

/* Begin PBXGroup section */
		C52FD2D81FD80DF100B52E4A /* Frameworks */ = {
			isa = PBXGroup;
			children = (
				C52FD2D91FD80DF200B52E4A /* Sources */,
			);
			name = Frameworks;
			sourceTree = "<group>";
		};
		C52FD2D91FD80DF200B52E4A /* Sources */ = {
			isa = PBXGroup;
			children = (
				C52FD2DA1FD80DF200B52E4A /* JTAppleCalendarView.swift */,
				C52FD2DB1FD80DF200B52E4A /* UserInteractionFunctions.swift */,
				C52FD2DC1FD80DF200B52E4A /* Info-iOS.plist */,
				C52FD2DD1FD80DF200B52E4A /* JTAppleCalendarLayoutProtocol.swift */,
				C52FD2DE1FD80DF200B52E4A /* InternalActionFunctions.swift */,
				C52FD2DF1FD80DF200B52E4A /* JTAppleCollectionReusableView.swift */,
				C52FD2E01FD80DF200B52E4A /* JTAppleCalendarDelegateProtocol.swift */,
				C52FD2E11FD80DF200B52E4A /* JTCalendarProtocols.swift */,
				C52FD2E21FD80DF200B52E4A /* CalendarStructs.swift */,
				C52FD2E31FD80DF200B52E4A /* CalendarEnums.swift */,
				C52FD2E41FD80DF200B52E4A /* UIScrollViewDelegates.swift */,
				C52FD2E51FD80DF200B52E4A /* InternalQueryFunctions.swift */,
				C52FD2E61FD80DF200B52E4A /* Info-tvOS.plist */,
				C52FD2E71FD80DF200B52E4A /* JTAppleCell.swift */,
				C52FD2E81FD80DF200B52E4A /* JTAppleCalendarVariables.swift */,
				C52FD2E91FD80DF200B52E4A /* JTAppleCalendarLayout.swift */,
				C52FD2EA1FD80DF200B52E4A /* UICollectionViewDelegates.swift */,
				C52FD2EB1FD80DF200B52E4A /* GlobalFunctionsAndExtensions.swift */,
				C52FD2EC1FD80DF200B52E4A /* JTAppleCalendar.h */,
			);
			path = Sources;
			sourceTree = "<group>";
		};
		C532AFF51FF8149D00129940 /* ViewController */ = {
			isa = PBXGroup;
			children = (
				C532B0191FF8151200129940 /* CalendarViewController.swift */,
				C532B0171FF8151100129940 /* CheckDiaryViewController.swift */,
				C532B01A1FF8151200129940 /* CheckLetterViewController.swift */,
				C532B01B1FF8151200129940 /* CheckPhotoViewController.swift */,
				C532B0181FF8151100129940 /* EnterPasswordUIViewController.swift */,
				C532B01C1FF8151200129940 /* LetterViewController.swift */,
				C532B0221FF8151200129940 /* MailBoxViewController.swift */,
				C532B01D1FF8151200129940 /* NewMoodViewController.swift */,
				C532B0201FF8151200129940 /* RecentViewController.swift */,
				C532B01E1FF8151200129940 /* SecurityTableViewController.swift */,
				C532B0211FF8151200129940 /* TrackingViewController.swift */,
				C532B01F1FF8151200129940 /* ViewController.swift */,
			);
			path = ViewController;
			sourceTree = "<group>";
		};
		C532AFF61FF814A500129940 /* View */ = {
			isa = PBXGroup;
			children = (
				C532B0141FF8150C00129940 /* ChooseTagView.swift */,
				C532B0131FF8150C00129940 /* MyLineChartView.swift */,
			);
			path = View;
			sourceTree = "<group>";
		};
		C532AFF71FF814AB00129940 /* Cell */ = {
			isa = PBXGroup;
			children = (
				C532B00B1FF8150500129940 /* DateCollectionViewCell.swift */,
				C532B0081FF8150500129940 /* LetterTableViewCell.swift */,
				C532B0051FF8150400129940 /* RecentCollectionViewCell.swift */,
				C532B00A1FF8150500129940 /* RecentSummaryCollectionViewCell.swift */,
				C532B0061FF8150500129940 /* RecentTableViewCell.swift */,
				C532B0071FF8150500129940 /* TagTableViewCell.swift */,
				C532B0091FF8150500129940 /* WeekdayNameCollectionViewCell.swift */,
			);
			path = Cell;
			sourceTree = "<group>";
		};
		C532AFF81FF814B000129940 /* Model */ = {
			isa = PBXGroup;
			children = (
				C532AFFD1FF814FF00129940 /* CalendarManager.swift */,
				C532AFFC1FF814FF00129940 /* Config.swift */,
				C532AFF91FF814FF00129940 /* Diary.swift */,
				C532AFFB1FF814FF00129940 /* Global.swift */,
				C532AFFA1FF814FF00129940 /* Letter.swift */,
				C532AFFE1FF814FF00129940 /* MyLineChart.swift */,
			);
			path = Model;
			sourceTree = "<group>";
		};
		C5F392071FD65E460038CF13 = {
			isa = PBXGroup;
			children = (
				C5F392121FD65E460038CF13 /* MoodPocket */,
				C5F3922A1FD65E460038CF13 /* MoodPocketTests */,
				C5F392111FD65E460038CF13 /* Products */,
				C52FD2D81FD80DF100B52E4A /* Frameworks */,
			);
			sourceTree = "<group>";
		};
		C5F392111FD65E460038CF13 /* Products */ = {
			isa = PBXGroup;
			children = (
				C5F392101FD65E460038CF13 /* MoodPocket.app */,
				C5F392271FD65E460038CF13 /* MoodPocketTests.xctest */,
			);
			name = Products;
			sourceTree = "<group>";
		};
		C5F392121FD65E460038CF13 /* MoodPocket */ = {
			isa = PBXGroup;
			children = (
				C532AFF81FF814B000129940 /* Model */,
				C532AFF71FF814AB00129940 /* Cell */,
				C532AFF61FF814A500129940 /* View */,
				C532AFF51FF8149D00129940 /* ViewController */,
				C5F392131FD65E460038CF13 /* AppDelegate.swift */,
				C570671F1FD790CB002AAC79 /* LaunchScreen.storyboard */,
				C5F392171FD65E460038CF13 /* Main.storyboard */,
				C5F3921D1FD65E460038CF13 /* Assets.xcassets */,
				C5F392221FD65E460038CF13 /* Info.plist */,
				C5F3921A1FD65E460038CF13 /* MoodPocket.xcdatamodeld */,
			);
			path = MoodPocket;
			sourceTree = "<group>";
		};
		C5F3922A1FD65E460038CF13 /* MoodPocketTests */ = {
			isa = PBXGroup;
			children = (
				C5F3922B1FD65E460038CF13 /* MoodPocketTests.swift */,
				C5F3922D1FD65E460038CF13 /* Info.plist */,
			);
			path = MoodPocketTests;
			sourceTree = "<group>";
		};
/* End PBXGroup section */

/* Begin PBXNativeTarget section */
		C5F3920F1FD65E460038CF13 /* MoodPocket */ = {
			isa = PBXNativeTarget;
			buildConfigurationList = C5F392301FD65E460038CF13 /* Build configuration list for PBXNativeTarget "MoodPocket" */;
			buildPhases = (
				C5F3920C1FD65E460038CF13 /* Sources */,
				C5F3920D1FD65E460038CF13 /* Frameworks */,
				C5F3920E1FD65E460038CF13 /* Resources */,
				C570678E1FD7EE14002AAC79 /* Embed Frameworks */,
			);
			buildRules = (
			);
			dependencies = (
			);
			name = MoodPocket;
			productName = MoodPocket;
			productReference = C5F392101FD65E460038CF13 /* MoodPocket.app */;
			productType = "com.apple.product-type.application";
		};
		C5F392261FD65E460038CF13 /* MoodPocketTests */ = {
			isa = PBXNativeTarget;
			buildConfigurationList = C5F392331FD65E460038CF13 /* Build configuration list for PBXNativeTarget "MoodPocketTests" */;
			buildPhases = (
				C5F392231FD65E460038CF13 /* Sources */,
				C5F392241FD65E460038CF13 /* Frameworks */,
				C5F392251FD65E460038CF13 /* Resources */,
			);
			buildRules = (
			);
			dependencies = (
				C5F392291FD65E460038CF13 /* PBXTargetDependency */,
			);
			name = MoodPocketTests;
			productName = MoodPocketTests;
			productReference = C5F392271FD65E460038CF13 /* MoodPocketTests.xctest */;
			productType = "com.apple.product-type.bundle.unit-test";
		};
/* End PBXNativeTarget section */

/* Begin PBXProject section */
		C5F392081FD65E460038CF13 /* Project object */ = {
			isa = PBXProject;
			attributes = {
				LastSwiftUpdateCheck = 0910;
				LastUpgradeCheck = 0910;
				ORGANIZATIONNAME = "曾冰洁";
				TargetAttributes = {
					C5F3920F1FD65E460038CF13 = {
						CreatedOnToolsVersion = 9.1;
						ProvisioningStyle = Automatic;
					};
					C5F392261FD65E460038CF13 = {
						CreatedOnToolsVersion = 9.1;
						ProvisioningStyle = Automatic;
						TestTargetID = C5F3920F1FD65E460038CF13;
					};
				};
			};
			buildConfigurationList = C5F3920B1FD65E460038CF13 /* Build configuration list for PBXProject "MoodPocket" */;
			compatibilityVersion = "Xcode 8.0";
			developmentRegion = en;
			hasScannedForEncodings = 0;
			knownRegions = (
				en,
				Base,
			);
			mainGroup = C5F392071FD65E460038CF13;
			productRefGroup = C5F392111FD65E460038CF13 /* Products */;
			projectDirPath = "";
			projectRoot = "";
			targets = (
				C5F3920F1FD65E460038CF13 /* MoodPocket */,
				C5F392261FD65E460038CF13 /* MoodPocketTests */,
			);
		};
/* End PBXProject section */

/* Begin PBXResourcesBuildPhase section */
		C5F3920E1FD65E460038CF13 /* Resources */ = {
			isa = PBXResourcesBuildPhase;
			buildActionMask = 2147483647;
			files = (
				C57067201FD790CB002AAC79 /* LaunchScreen.storyboard in Resources */,
				C5F3921E1FD65E460038CF13 /* Assets.xcassets in Resources */,
				C5F392191FD65E460038CF13 /* Main.storyboard in Resources */,
			);
			runOnlyForDeploymentPostprocessing = 0;
		};
		C5F392251FD65E460038CF13 /* Resources */ = {
			isa = PBXResourcesBuildPhase;
			buildActionMask = 2147483647;
			files = (
			);
			runOnlyForDeploymentPostprocessing = 0;
		};
/* End PBXResourcesBuildPhase section */

/* Begin PBXSourcesBuildPhase section */
		C5F3920C1FD65E460038CF13 /* Sources */ = {
			isa = PBXSourcesBuildPhase;
			buildActionMask = 2147483647;
			files = (
				C532B0231FF8151200129940 /* CheckDiaryViewController.swift in Sources */,
				C532B02C1FF8151200129940 /* RecentViewController.swift in Sources */,
				C5F392141FD65E460038CF13 /* AppDelegate.swift in Sources */,
				C532B0291FF8151200129940 /* NewMoodViewController.swift in Sources */,
				C532B0101FF8150500129940 /* WeekdayNameCollectionViewCell.swift in Sources */,
				C532B0281FF8151200129940 /* LetterViewController.swift in Sources */,
				C532B0011FF814FF00129940 /* Global.swift in Sources */,
				C532B0111FF8150500129940 /* RecentSummaryCollectionViewCell.swift in Sources */,
				C532B0021FF814FF00129940 /* Config.swift in Sources */,
				C532B0001FF814FF00129940 /* Letter.swift in Sources */,
				C532B0241FF8151200129940 /* EnterPasswordUIViewController.swift in Sources */,
				C532B0041FF814FF00129940 /* MyLineChart.swift in Sources */,
				C532B00D1FF8150500129940 /* RecentTableViewCell.swift in Sources */,
				C532B0031FF814FF00129940 /* CalendarManager.swift in Sources */,
				C532B0251FF8151200129940 /* CalendarViewController.swift in Sources */,
				C532B00E1FF8150500129940 /* TagTableViewCell.swift in Sources */,
				C532B02E1FF8151200129940 /* MailBoxViewController.swift in Sources */,
				C532B02D1FF8151200129940 /* TrackingViewController.swift in Sources */,
				C532B00C1FF8150500129940 /* RecentCollectionViewCell.swift in Sources */,
				C532B0161FF8150C00129940 /* ChooseTagView.swift in Sources */,
				C532B0121FF8150500129940 /* DateCollectionViewCell.swift in Sources */,
				C532B02A1FF8151200129940 /* SecurityTableViewController.swift in Sources */,
				C532B0271FF8151200129940 /* CheckPhotoViewController.swift in Sources */,
				C532B02B1FF8151200129940 /* ViewController.swift in Sources */,
				C532B0261FF8151200129940 /* CheckLetterViewController.swift in Sources */,
				C5F3921C1FD65E460038CF13 /* MoodPocket.xcdatamodeld in Sources */,
				C532B00F1FF8150500129940 /* LetterTableViewCell.swift in Sources */,
				C532AFFF1FF814FF00129940 /* Diary.swift in Sources */,
				C532B0151FF8150C00129940 /* MyLineChartView.swift in Sources */,
			);
			runOnlyForDeploymentPostprocessing = 0;
		};
		C5F392231FD65E460038CF13 /* Sources */ = {
			isa = PBXSourcesBuildPhase;
			buildActionMask = 2147483647;
			files = (
				C5F3922C1FD65E460038CF13 /* MoodPocketTests.swift in Sources */,
			);
			runOnlyForDeploymentPostprocessing = 0;
		};
/* End PBXSourcesBuildPhase section */

/* Begin PBXTargetDependency section */
		C5F392291FD65E460038CF13 /* PBXTargetDependency */ = {
			isa = PBXTargetDependency;
			target = C5F3920F1FD65E460038CF13 /* MoodPocket */;
			targetProxy = C5F392281FD65E460038CF13 /* PBXContainerItemProxy */;
		};
/* End PBXTargetDependency section */

/* Begin PBXVariantGroup section */
		C5F392171FD65E460038CF13 /* Main.storyboard */ = {
			isa = PBXVariantGroup;
			children = (
				C5F392181FD65E460038CF13 /* Base */,
			);
			name = Main.storyboard;
			sourceTree = "<group>";
		};
/* End PBXVariantGroup section */

/* Begin XCBuildConfiguration section */
		C5F3922E1FD65E460038CF13 /* Debug */ = {
			isa = XCBuildConfiguration;
			buildSettings = {
				ALWAYS_SEARCH_USER_PATHS = NO;
				CLANG_ANALYZER_NONNULL = YES;
				CLANG_ANALYZER_NUMBER_OBJECT_CONVERSION = YES_AGGRESSIVE;
				CLANG_CXX_LANGUAGE_STANDARD = "gnu++14";
				CLANG_CXX_LIBRARY = "libc++";
				CLANG_ENABLE_MODULES = YES;
				CLANG_ENABLE_OBJC_ARC = YES;
				CLANG_WARN_BLOCK_CAPTURE_AUTORELEASING = YES;
				CLANG_WARN_BOOL_CONVERSION = YES;
				CLANG_WARN_COMMA = YES;
				CLANG_WARN_CONSTANT_CONVERSION = YES;
				CLANG_WARN_DIRECT_OBJC_ISA_USAGE = YES_ERROR;
				CLANG_WARN_DOCUMENTATION_COMMENTS = YES;
				CLANG_WARN_EMPTY_BODY = YES;
				CLANG_WARN_ENUM_CONVERSION = YES;
				CLANG_WARN_INFINITE_RECURSION = YES;
				CLANG_WARN_INT_CONVERSION = YES;
				CLANG_WARN_NON_LITERAL_NULL_CONVERSION = YES;
				CLANG_WARN_OBJC_LITERAL_CONVERSION = YES;
				CLANG_WARN_OBJC_ROOT_CLASS = YES_ERROR;
				CLANG_WARN_RANGE_LOOP_ANALYSIS = YES;
				CLANG_WARN_STRICT_PROTOTYPES = YES;
				CLANG_WARN_SUSPICIOUS_MOVE = YES;
				CLANG_WARN_UNGUARDED_AVAILABILITY = YES_AGGRESSIVE;
				CLANG_WARN_UNREACHABLE_CODE = YES;
				CLANG_WARN__DUPLICATE_METHOD_MATCH = YES;
				CODE_SIGN_IDENTITY = "iPhone Developer";
				COPY_PHASE_STRIP = NO;
				DEBUG_INFORMATION_FORMAT = dwarf;
				ENABLE_STRICT_OBJC_MSGSEND = YES;
				ENABLE_TESTABILITY = YES;
				GCC_C_LANGUAGE_STANDARD = gnu11;
				GCC_DYNAMIC_NO_PIC = NO;
				GCC_NO_COMMON_BLOCKS = YES;
				GCC_OPTIMIZATION_LEVEL = 0;
				GCC_PREPROCESSOR_DEFINITIONS = (
					"DEBUG=1",
					"$(inherited)",
				);
				GCC_WARN_64_TO_32_BIT_CONVERSION = YES;
				GCC_WARN_ABOUT_RETURN_TYPE = YES_ERROR;
				GCC_WARN_UNDECLARED_SELECTOR = YES;
				GCC_WARN_UNINITIALIZED_AUTOS = YES_AGGRESSIVE;
				GCC_WARN_UNUSED_FUNCTION = YES;
				GCC_WARN_UNUSED_VARIABLE = YES;
				IPHONEOS_DEPLOYMENT_TARGET = 11.1;
				MTL_ENABLE_DEBUG_INFO = YES;
				ONLY_ACTIVE_ARCH = YES;
				SDKROOT = iphoneos;
				SWIFT_ACTIVE_COMPILATION_CONDITIONS = DEBUG;
				SWIFT_OPTIMIZATION_LEVEL = "-Onone";
			};
			name = Debug;
		};
		C5F3922F1FD65E460038CF13 /* Release */ = {
			isa = XCBuildConfiguration;
			buildSettings = {
				ALWAYS_SEARCH_USER_PATHS = NO;
				CLANG_ANALYZER_NONNULL = YES;
				CLANG_ANALYZER_NUMBER_OBJECT_CONVERSION = YES_AGGRESSIVE;
				CLANG_CXX_LANGUAGE_STANDARD = "gnu++14";
				CLANG_CXX_LIBRARY = "libc++";
				CLANG_ENABLE_MODULES = YES;
				CLANG_ENABLE_OBJC_ARC = YES;
				CLANG_WARN_BLOCK_CAPTURE_AUTORELEASING = YES;
				CLANG_WARN_BOOL_CONVERSION = YES;
				CLANG_WARN_COMMA = YES;
				CLANG_WARN_CONSTANT_CONVERSION = YES;
				CLANG_WARN_DIRECT_OBJC_ISA_USAGE = YES_ERROR;
				CLANG_WARN_DOCUMENTATION_COMMENTS = YES;
				CLANG_WARN_EMPTY_BODY = YES;
				CLANG_WARN_ENUM_CONVERSION = YES;
				CLANG_WARN_INFINITE_RECURSION = YES;
				CLANG_WARN_INT_CONVERSION = YES;
				CLANG_WARN_NON_LITERAL_NULL_CONVERSION = YES;
				CLANG_WARN_OBJC_LITERAL_CONVERSION = YES;
				CLANG_WARN_OBJC_ROOT_CLASS = YES_ERROR;
				CLANG_WARN_RANGE_LOOP_ANALYSIS = YES;
				CLANG_WARN_STRICT_PROTOTYPES = YES;
				CLANG_WARN_SUSPICIOUS_MOVE = YES;
				CLANG_WARN_UNGUARDED_AVAILABILITY = YES_AGGRESSIVE;
				CLANG_WARN_UNREACHABLE_CODE = YES;
				CLANG_WARN__DUPLICATE_METHOD_MATCH = YES;
				CODE_SIGN_IDENTITY = "iPhone Developer";
				COPY_PHASE_STRIP = NO;
				DEBUG_INFORMATION_FORMAT = "dwarf-with-dsym";
				ENABLE_NS_ASSERTIONS = NO;
				ENABLE_STRICT_OBJC_MSGSEND = YES;
				GCC_C_LANGUAGE_STANDARD = gnu11;
				GCC_NO_COMMON_BLOCKS = YES;
				GCC_WARN_64_TO_32_BIT_CONVERSION = YES;
				GCC_WARN_ABOUT_RETURN_TYPE = YES_ERROR;
				GCC_WARN_UNDECLARED_SELECTOR = YES;
				GCC_WARN_UNINITIALIZED_AUTOS = YES_AGGRESSIVE;
				GCC_WARN_UNUSED_FUNCTION = YES;
				GCC_WARN_UNUSED_VARIABLE = YES;
				IPHONEOS_DEPLOYMENT_TARGET = 11.1;
				MTL_ENABLE_DEBUG_INFO = NO;
				SDKROOT = iphoneos;
				SWIFT_OPTIMIZATION_LEVEL = "-Owholemodule";
				VALIDATE_PRODUCT = YES;
			};
			name = Release;
		};
		C5F392311FD65E460038CF13 /* Debug */ = {
			isa = XCBuildConfiguration;
			buildSettings = {
				ALWAYS_EMBED_SWIFT_STANDARD_LIBRARIES = YES;
				ASSETCATALOG_COMPILER_APPICON_NAME = AppIcon;
				CODE_SIGN_STYLE = Automatic;
				DEVELOPMENT_TEAM = 83KZVXU2B9;
				INFOPLIST_FILE = MoodPocket/Info.plist;
				LD_RUNPATH_SEARCH_PATHS = "$(inherited) @executable_path/Frameworks";
				PRODUCT_BUNDLE_IDENTIFIER = cn.edu.nju.MoodPocket;
				PRODUCT_NAME = "$(TARGET_NAME)";
				SWIFT_VERSION = 4.0;
				TARGETED_DEVICE_FAMILY = 1;
			};
			name = Debug;
		};
		C5F392321FD65E460038CF13 /* Release */ = {
			isa = XCBuildConfiguration;
			buildSettings = {
				ALWAYS_EMBED_SWIFT_STANDARD_LIBRARIES = YES;
				ASSETCATALOG_COMPILER_APPICON_NAME = AppIcon;
				CODE_SIGN_STYLE = Automatic;
				DEVELOPMENT_TEAM = 83KZVXU2B9;
				INFOPLIST_FILE = MoodPocket/Info.plist;
				LD_RUNPATH_SEARCH_PATHS = "$(inherited) @executable_path/Frameworks";
				PRODUCT_BUNDLE_IDENTIFIER = cn.edu.nju.MoodPocket;
				PRODUCT_NAME = "$(TARGET_NAME)";
				SWIFT_VERSION = 4.0;
				TARGETED_DEVICE_FAMILY = 1;
			};
			name = Release;
		};
		C5F392341FD65E460038CF13 /* Debug */ = {
			isa = XCBuildConfiguration;
			buildSettings = {
				ALWAYS_EMBED_SWIFT_STANDARD_LIBRARIES = YES;
				BUNDLE_LOADER = "$(TEST_HOST)";
				CODE_SIGN_STYLE = Automatic;
				DEVELOPMENT_TEAM = 83KZVXU2B9;
				INFOPLIST_FILE = MoodPocketTests/Info.plist;
				LD_RUNPATH_SEARCH_PATHS = "$(inherited) @executable_path/Frameworks @loader_path/Frameworks";
				PRODUCT_BUNDLE_IDENTIFIER = cn.edu.nju.MoodPocketTests;
				PRODUCT_NAME = "$(TARGET_NAME)";
				SWIFT_VERSION = 4.0;
				TARGETED_DEVICE_FAMILY = "1,2";
				TEST_HOST = "$(BUILT_PRODUCTS_DIR)/MoodPocket.app/MoodPocket";
			};
			name = Debug;
		};
		C5F392351FD65E460038CF13 /* Release */ = {
			isa = XCBuildConfiguration;
			buildSettings = {
				ALWAYS_EMBED_SWIFT_STANDARD_LIBRARIES = YES;
				BUNDLE_LOADER = "$(TEST_HOST)";
				CODE_SIGN_STYLE = Automatic;
				DEVELOPMENT_TEAM = 83KZVXU2B9;
				INFOPLIST_FILE = MoodPocketTests/Info.plist;
				LD_RUNPATH_SEARCH_PATHS = "$(inherited) @executable_path/Frameworks @loader_path/Frameworks";
				PRODUCT_BUNDLE_IDENTIFIER = cn.edu.nju.MoodPocketTests;
				PRODUCT_NAME = "$(TARGET_NAME)";
				SWIFT_VERSION = 4.0;
				TARGETED_DEVICE_FAMILY = "1,2";
				TEST_HOST = "$(BUILT_PRODUCTS_DIR)/MoodPocket.app/MoodPocket";
			};
			name = Release;
		};
/* End XCBuildConfiguration section */

/* Begin XCConfigurationList section */
		C5F3920B1FD65E460038CF13 /* Build configuration list for PBXProject "MoodPocket" */ = {
			isa = XCConfigurationList;
			buildConfigurations = (
				C5F3922E1FD65E460038CF13 /* Debug */,
				C5F3922F1FD65E460038CF13 /* Release */,
			);
			defaultConfigurationIsVisible = 0;
			defaultConfigurationName = Release;
		};
		C5F392301FD65E460038CF13 /* Build configuration list for PBXNativeTarget "MoodPocket" */ = {
			isa = XCConfigurationList;
			buildConfigurations = (
				C5F392311FD65E460038CF13 /* Debug */,
				C5F392321FD65E460038CF13 /* Release */,
			);
			defaultConfigurationIsVisible = 0;
			defaultConfigurationName = Release;
		};
		C5F392331FD65E460038CF13 /* Build configuration list for PBXNativeTarget "MoodPocketTests" */ = {
			isa = XCConfigurationList;
			buildConfigurations = (
				C5F392341FD65E460038CF13 /* Debug */,
				C5F392351FD65E460038CF13 /* Release */,
			);
			defaultConfigurationIsVisible = 0;
			defaultConfigurationName = Release;
		};
/* End XCConfigurationList section */

/* Begin XCVersionGroup section */
		C5F3921A1FD65E460038CF13 /* MoodPocket.xcdatamodeld */ = {
			isa = XCVersionGroup;
			children = (
				C5F3921B1FD65E460038CF13 /* MoodPocket.xcdatamodel */,
			);
			currentVersion = C5F3921B1FD65E460038CF13 /* MoodPocket.xcdatamodel */;
			path = MoodPocket.xcdatamodeld;
			sourceTree = "<group>";
			versionGroupType = wrapper.xcdatamodel;
		};
/* End XCVersionGroup section */
	};
	rootObject = C5F392081FD65E460038CF13 /* Project object */;
}
